// !$*UTF8*$!
{
	archiveVersion = 1;
	classes = {
	};
	objectVersion = 56;
	objects = {

/* Begin PBXBuildFile section */
		18113B33291E5FB700EF785A /* LoginButton.swift in Sources */ = {isa = PBXBuildFile; fileRef = 18113B32291E5FB700EF785A /* LoginButton.swift */; };
		18346E0B290D67D6009F8DAC /* TextFieldWithPadding.swift in Sources */ = {isa = PBXBuildFile; fileRef = 18346E0A290D67D6009F8DAC /* TextFieldWithPadding.swift */; };
		1834720C291EACAD00226D02 /* PostTableViewCell.swift in Sources */ = {isa = PBXBuildFile; fileRef = 1834720B291EACAD00226D02 /* PostTableViewCell.swift */; };
		184E4F452901837900E9DBDD /* AppDelegate.swift in Sources */ = {isa = PBXBuildFile; fileRef = 184E4F442901837900E9DBDD /* AppDelegate.swift */; };
		184E4F472901837900E9DBDD /* SceneDelegate.swift in Sources */ = {isa = PBXBuildFile; fileRef = 184E4F462901837900E9DBDD /* SceneDelegate.swift */; };
		184E4F4E2901837A00E9DBDD /* Assets.xcassets in Resources */ = {isa = PBXBuildFile; fileRef = 184E4F4D2901837A00E9DBDD /* Assets.xcassets */; };
		184E4F512901837A00E9DBDD /* LaunchScreen.storyboard in Resources */ = {isa = PBXBuildFile; fileRef = 184E4F4F2901837A00E9DBDD /* LaunchScreen.storyboard */; };
		184F984B29226F2200BC02E1 /* PhotosTableViewCell.swift in Sources */ = {isa = PBXBuildFile; fileRef = 184F984A29226F2200BC02E1 /* PhotosTableViewCell.swift */; };
		184F984D29226FDE00BC02E1 /* PhotosViewController.swift in Sources */ = {isa = PBXBuildFile; fileRef = 184F984C29226FDE00BC02E1 /* PhotosViewController.swift */; };
		184F984F2922A15A00BC02E1 /* PhotosCollectionViewCell.swift in Sources */ = {isa = PBXBuildFile; fileRef = 184F984E2922A15A00BC02E1 /* PhotosCollectionViewCell.swift */; };
		1854B4782902B4CC00C05A87 /* InfoViewController.swift in Sources */ = {isa = PBXBuildFile; fileRef = 1854B4772902B4CC00C05A87 /* InfoViewController.swift */; };
		187E7FA5290C06FB00D38452 /* ProfileTableHeaderView.swift in Sources */ = {isa = PBXBuildFile; fileRef = 187E7FA4290C06FB00D38452 /* ProfileTableHeaderView.swift */; };
		188D696B29126BCF00F805FC /* Constants.swift in Sources */ = {isa = PBXBuildFile; fileRef = 188D696A29126BCF00F805FC /* Constants.swift */; };
		18B2BEB1291A889900F26211 /* LogInViewController.swift in Sources */ = {isa = PBXBuildFile; fileRef = 18B2BEB0291A889900F26211 /* LogInViewController.swift */; };
		18B4D07A2901B6F20065CE49 /* TabBarController.swift in Sources */ = {isa = PBXBuildFile; fileRef = 18B4D0792901B6F20065CE49 /* TabBarController.swift */; };
		18B4D07E2901CDD50065CE49 /* FeedViewController.swift in Sources */ = {isa = PBXBuildFile; fileRef = 18B4D07D2901CDD50065CE49 /* FeedViewController.swift */; };
		18B4D0802901CDEA0065CE49 /* ProfileViewController.swift in Sources */ = {isa = PBXBuildFile; fileRef = 18B4D07F2901CDEA0065CE49 /* ProfileViewController.swift */; };
		18B4D0842901D78D0065CE49 /* PostViewController.swift in Sources */ = {isa = PBXBuildFile; fileRef = 18B4D0832901D78D0065CE49 /* PostViewController.swift */; };
		18EBE9B2295DB9F4002BAE48 /* StorageService.h in Headers */ = {isa = PBXBuildFile; fileRef = 18EBE9B1295DB9F4002BAE48 /* StorageService.h */; settings = {ATTRIBUTES = (Public, ); }; };
		18EBE9B5295DB9F4002BAE48 /* StorageService.framework in Frameworks */ = {isa = PBXBuildFile; fileRef = 18EBE9AF295DB9F4002BAE48 /* StorageService.framework */; };
		18EBE9B6295DB9F4002BAE48 /* StorageService.framework in Embed Frameworks */ = {isa = PBXBuildFile; fileRef = 18EBE9AF295DB9F4002BAE48 /* StorageService.framework */; settings = {ATTRIBUTES = (CodeSignOnCopy, RemoveHeadersOnCopy, ); }; };
		18EBE9BB295DBAD3002BAE48 /* Post.swift in Sources */ = {isa = PBXBuildFile; fileRef = 18B4D0812901D6000065CE49 /* Post.swift */; };
		86EE5AE15B437D4F07732A69 /* Pods_StorageService.framework in Frameworks */ = {isa = PBXBuildFile; fileRef = 03460E4271C48F32EA705193 /* Pods_StorageService.framework */; };
		A9A6783D8F82A035ABA2776B /* Pods_Navigation.framework in Frameworks */ = {isa = PBXBuildFile; fileRef = 2B8F1E5B4C82C3438DF6C81A /* Pods_Navigation.framework */; };
/* End PBXBuildFile section */

/* Begin PBXContainerItemProxy section */
		18EBE9B3295DB9F4002BAE48 /* PBXContainerItemProxy */ = {
			isa = PBXContainerItemProxy;
			containerPortal = 184E4F392901837900E9DBDD /* Project object */;
			proxyType = 1;
			remoteGlobalIDString = 18EBE9AE295DB9F4002BAE48;
			remoteInfo = StorageService;
		};
/* End PBXContainerItemProxy section */

/* Begin PBXCopyFilesBuildPhase section */
		18EBE9B7295DB9F4002BAE48 /* Embed Frameworks */ = {
			isa = PBXCopyFilesBuildPhase;
			buildActionMask = 2147483647;
			dstPath = "";
			dstSubfolderSpec = 10;
			files = (
				18EBE9B6295DB9F4002BAE48 /* StorageService.framework in Embed Frameworks */,
			);
			name = "Embed Frameworks";
			runOnlyForDeploymentPostprocessing = 0;
		};
/* End PBXCopyFilesBuildPhase section */

/* Begin PBXFileReference section */
		03460E4271C48F32EA705193 /* Pods_StorageService.framework */ = {isa = PBXFileReference; explicitFileType = wrapper.framework; includeInIndex = 0; path = Pods_StorageService.framework; sourceTree = BUILT_PRODUCTS_DIR; };
		0FADA81792ACA815DDDDD8FC /* Pods-StorageService.release.xcconfig */ = {isa = PBXFileReference; includeInIndex = 1; lastKnownFileType = text.xcconfig; name = "Pods-StorageService.release.xcconfig"; path = "Target Support Files/Pods-StorageService/Pods-StorageService.release.xcconfig"; sourceTree = "<group>"; };
		18113B32291E5FB700EF785A /* LoginButton.swift */ = {isa = PBXFileReference; lastKnownFileType = sourcecode.swift; path = LoginButton.swift; sourceTree = "<group>"; };
		18346E0A290D67D6009F8DAC /* TextFieldWithPadding.swift */ = {isa = PBXFileReference; lastKnownFileType = sourcecode.swift; path = TextFieldWithPadding.swift; sourceTree = "<group>"; };
		1834720B291EACAD00226D02 /* PostTableViewCell.swift */ = {isa = PBXFileReference; lastKnownFileType = sourcecode.swift; path = PostTableViewCell.swift; sourceTree = "<group>"; };
		184E4F412901837900E9DBDD /* Navigation.app */ = {isa = PBXFileReference; explicitFileType = wrapper.application; includeInIndex = 0; path = Navigation.app; sourceTree = BUILT_PRODUCTS_DIR; };
		184E4F442901837900E9DBDD /* AppDelegate.swift */ = {isa = PBXFileReference; lastKnownFileType = sourcecode.swift; path = AppDelegate.swift; sourceTree = "<group>"; };
		184E4F462901837900E9DBDD /* SceneDelegate.swift */ = {isa = PBXFileReference; lastKnownFileType = sourcecode.swift; path = SceneDelegate.swift; sourceTree = "<group>"; };
		184E4F4D2901837A00E9DBDD /* Assets.xcassets */ = {isa = PBXFileReference; lastKnownFileType = folder.assetcatalog; path = Assets.xcassets; sourceTree = "<group>"; };
		184E4F502901837A00E9DBDD /* Base */ = {isa = PBXFileReference; lastKnownFileType = file.storyboard; name = Base; path = Base.lproj/LaunchScreen.storyboard; sourceTree = "<group>"; };
		184E4F522901837A00E9DBDD /* Info.plist */ = {isa = PBXFileReference; lastKnownFileType = text.plist.xml; path = Info.plist; sourceTree = "<group>"; };
		184F984A29226F2200BC02E1 /* PhotosTableViewCell.swift */ = {isa = PBXFileReference; lastKnownFileType = sourcecode.swift; path = PhotosTableViewCell.swift; sourceTree = "<group>"; };
		184F984C29226FDE00BC02E1 /* PhotosViewController.swift */ = {isa = PBXFileReference; lastKnownFileType = sourcecode.swift; path = PhotosViewController.swift; sourceTree = "<group>"; };
		184F984E2922A15A00BC02E1 /* PhotosCollectionViewCell.swift */ = {isa = PBXFileReference; lastKnownFileType = sourcecode.swift; path = PhotosCollectionViewCell.swift; sourceTree = "<group>"; };
		1854B4772902B4CC00C05A87 /* InfoViewController.swift */ = {isa = PBXFileReference; lastKnownFileType = sourcecode.swift; path = InfoViewController.swift; sourceTree = "<group>"; };
		187E7FA4290C06FB00D38452 /* ProfileTableHeaderView.swift */ = {isa = PBXFileReference; lastKnownFileType = sourcecode.swift; path = ProfileTableHeaderView.swift; sourceTree = "<group>"; };
		188D696A29126BCF00F805FC /* Constants.swift */ = {isa = PBXFileReference; lastKnownFileType = sourcecode.swift; path = Constants.swift; sourceTree = "<group>"; };
		18B2BEB0291A889900F26211 /* LogInViewController.swift */ = {isa = PBXFileReference; lastKnownFileType = sourcecode.swift; path = LogInViewController.swift; sourceTree = "<group>"; };
		18B4D0792901B6F20065CE49 /* TabBarController.swift */ = {isa = PBXFileReference; lastKnownFileType = sourcecode.swift; path = TabBarController.swift; sourceTree = "<group>"; };
		18B4D07D2901CDD50065CE49 /* FeedViewController.swift */ = {isa = PBXFileReference; lastKnownFileType = sourcecode.swift; path = FeedViewController.swift; sourceTree = "<group>"; };
		18B4D07F2901CDEA0065CE49 /* ProfileViewController.swift */ = {isa = PBXFileReference; lastKnownFileType = sourcecode.swift; path = ProfileViewController.swift; sourceTree = "<group>"; };
		18B4D0812901D6000065CE49 /* Post.swift */ = {isa = PBXFileReference; lastKnownFileType = sourcecode.swift; path = Post.swift; sourceTree = "<group>"; };
		18B4D0832901D78D0065CE49 /* PostViewController.swift */ = {isa = PBXFileReference; lastKnownFileType = sourcecode.swift; path = PostViewController.swift; sourceTree = "<group>"; };
		18EBE9AF295DB9F4002BAE48 /* StorageService.framework */ = {isa = PBXFileReference; explicitFileType = wrapper.framework; includeInIndex = 0; path = StorageService.framework; sourceTree = BUILT_PRODUCTS_DIR; };
		18EBE9B1295DB9F4002BAE48 /* StorageService.h */ = {isa = PBXFileReference; lastKnownFileType = sourcecode.c.h; path = StorageService.h; sourceTree = "<group>"; };
		2B8F1E5B4C82C3438DF6C81A /* Pods_Navigation.framework */ = {isa = PBXFileReference; explicitFileType = wrapper.framework; includeInIndex = 0; path = Pods_Navigation.framework; sourceTree = BUILT_PRODUCTS_DIR; };
		5FE37B229537D538B3041056 /* Pods-StorageService.debug.xcconfig */ = {isa = PBXFileReference; includeInIndex = 1; lastKnownFileType = text.xcconfig; name = "Pods-StorageService.debug.xcconfig"; path = "Target Support Files/Pods-StorageService/Pods-StorageService.debug.xcconfig"; sourceTree = "<group>"; };
		9940C5ECD65822F780908020 /* Pods-Navigation.release.xcconfig */ = {isa = PBXFileReference; includeInIndex = 1; lastKnownFileType = text.xcconfig; name = "Pods-Navigation.release.xcconfig"; path = "Target Support Files/Pods-Navigation/Pods-Navigation.release.xcconfig"; sourceTree = "<group>"; };
		E8A431D91DB684EC7589B42C /* Pods-Navigation.debug.xcconfig */ = {isa = PBXFileReference; includeInIndex = 1; lastKnownFileType = text.xcconfig; name = "Pods-Navigation.debug.xcconfig"; path = "Target Support Files/Pods-Navigation/Pods-Navigation.debug.xcconfig"; sourceTree = "<group>"; };
/* End PBXFileReference section */

/* Begin PBXFrameworksBuildPhase section */
		184E4F3E2901837900E9DBDD /* Frameworks */ = {
			isa = PBXFrameworksBuildPhase;
			buildActionMask = 2147483647;
			files = (
				18EBE9B5295DB9F4002BAE48 /* StorageService.framework in Frameworks */,
				A9A6783D8F82A035ABA2776B /* Pods_Navigation.framework in Frameworks */,
			);
			runOnlyForDeploymentPostprocessing = 0;
		};
		18EBE9AC295DB9F4002BAE48 /* Frameworks */ = {
			isa = PBXFrameworksBuildPhase;
			buildActionMask = 2147483647;
			files = (
				86EE5AE15B437D4F07732A69 /* Pods_StorageService.framework in Frameworks */,
			);
			runOnlyForDeploymentPostprocessing = 0;
		};
/* End PBXFrameworksBuildPhase section */

/* Begin PBXGroup section */
		184E4F382901837900E9DBDD = {
			isa = PBXGroup;
			children = (
				184E4F432901837900E9DBDD /* Navigation */,
				18EBE9B0295DB9F4002BAE48 /* StorageService */,
				184E4F422901837900E9DBDD /* Products */,
				CA450883E03249AA26650C7D /* Pods */,
				5AB6C3A68049BA99A69107B8 /* Frameworks */,
			);
			sourceTree = "<group>";
		};
		184E4F422901837900E9DBDD /* Products */ = {
			isa = PBXGroup;
			children = (
				184E4F412901837900E9DBDD /* Navigation.app */,
				18EBE9AF295DB9F4002BAE48 /* StorageService.framework */,
			);
			name = Products;
			sourceTree = "<group>";
		};
		184E4F432901837900E9DBDD /* Navigation */ = {
			isa = PBXGroup;
			children = (
				18B4D0792901B6F20065CE49 /* TabBarController.swift */,
				188D696C29127AB100F805FC /* Feed */,
				187E7FA3290C065D00D38452 /* Profile */,
				184E4F522901837A00E9DBDD /* Info.plist */,
				1854B4742902ABC300C05A87 /* App */,
				184E4F4D2901837A00E9DBDD /* Assets.xcassets */,
			);
			path = Navigation;
			sourceTree = "<group>";
		};
		1854B4742902ABC300C05A87 /* App */ = {
			isa = PBXGroup;
			children = (
				184E4F4F2901837A00E9DBDD /* LaunchScreen.storyboard */,
				184E4F442901837900E9DBDD /* AppDelegate.swift */,
				184E4F462901837900E9DBDD /* SceneDelegate.swift */,
			);
			path = App;
			sourceTree = "<group>";
		};
		187E7FA3290C065D00D38452 /* Profile */ = {
			isa = PBXGroup;
			children = (
				18B4D07F2901CDEA0065CE49 /* ProfileViewController.swift */,
				1834720B291EACAD00226D02 /* PostTableViewCell.swift */,
				187E7FA4290C06FB00D38452 /* ProfileTableHeaderView.swift */,
				18B2BEB0291A889900F26211 /* LogInViewController.swift */,
				18113B32291E5FB700EF785A /* LoginButton.swift */,
				188D696A29126BCF00F805FC /* Constants.swift */,
				18346E0A290D67D6009F8DAC /* TextFieldWithPadding.swift */,
				184F984A29226F2200BC02E1 /* PhotosTableViewCell.swift */,
				184F984C29226FDE00BC02E1 /* PhotosViewController.swift */,
				184F984E2922A15A00BC02E1 /* PhotosCollectionViewCell.swift */,
			);
			path = Profile;
			sourceTree = "<group>";
		};
		188D696C29127AB100F805FC /* Feed */ = {
			isa = PBXGroup;
			children = (
				18B4D07D2901CDD50065CE49 /* FeedViewController.swift */,
				18B4D0832901D78D0065CE49 /* PostViewController.swift */,
				1854B4772902B4CC00C05A87 /* InfoViewController.swift */,
			);
			path = Feed;
			sourceTree = "<group>";
		};
		18EBE9B0295DB9F4002BAE48 /* StorageService */ = {
			isa = PBXGroup;
			children = (
				18B4D0812901D6000065CE49 /* Post.swift */,
				18EBE9B1295DB9F4002BAE48 /* StorageService.h */,
			);
			path = StorageService;
			sourceTree = "<group>";
		};
		5AB6C3A68049BA99A69107B8 /* Frameworks */ = {
			isa = PBXGroup;
			children = (
				2B8F1E5B4C82C3438DF6C81A /* Pods_Navigation.framework */,
				03460E4271C48F32EA705193 /* Pods_StorageService.framework */,
			);
			name = Frameworks;
			sourceTree = "<group>";
		};
		CA450883E03249AA26650C7D /* Pods */ = {
			isa = PBXGroup;
			children = (
				E8A431D91DB684EC7589B42C /* Pods-Navigation.debug.xcconfig */,
				9940C5ECD65822F780908020 /* Pods-Navigation.release.xcconfig */,
				5FE37B229537D538B3041056 /* Pods-StorageService.debug.xcconfig */,
				0FADA81792ACA815DDDDD8FC /* Pods-StorageService.release.xcconfig */,
			);
			path = Pods;
			sourceTree = "<group>";
		};
/* End PBXGroup section */

/* Begin PBXHeadersBuildPhase section */
		18EBE9AA295DB9F4002BAE48 /* Headers */ = {
			isa = PBXHeadersBuildPhase;
			buildActionMask = 2147483647;
			files = (
				18EBE9B2295DB9F4002BAE48 /* StorageService.h in Headers */,
			);
			runOnlyForDeploymentPostprocessing = 0;
		};
/* End PBXHeadersBuildPhase section */

/* Begin PBXNativeTarget section */
		184E4F402901837900E9DBDD /* Navigation */ = {
			isa = PBXNativeTarget;
			buildConfigurationList = 184E4F552901837A00E9DBDD /* Build configuration list for PBXNativeTarget "Navigation" */;
			buildPhases = (
				157666081E216590BCAC70F5 /* [CP] Check Pods Manifest.lock */,
				184E4F3D2901837900E9DBDD /* Sources */,
				184E4F3E2901837900E9DBDD /* Frameworks */,
				184E4F3F2901837900E9DBDD /* Resources */,
				18EBE9B7295DB9F4002BAE48 /* Embed Frameworks */,
				D30682A19FF106FA82573786 /* [CP] Embed Pods Frameworks */,
			);
			buildRules = (
			);
			dependencies = (
				18EBE9B4295DB9F4002BAE48 /* PBXTargetDependency */,
			);
			name = Navigation;
			productName = Navigation;
			productReference = 184E4F412901837900E9DBDD /* Navigation.app */;
			productType = "com.apple.product-type.application";
		};
		18EBE9AE295DB9F4002BAE48 /* StorageService */ = {
			isa = PBXNativeTarget;
			buildConfigurationList = 18EBE9BA295DB9F4002BAE48 /* Build configuration list for PBXNativeTarget "StorageService" */;
			buildPhases = (
				63B995E1118AFC3BD316B7CB /* [CP] Check Pods Manifest.lock */,
				18EBE9AA295DB9F4002BAE48 /* Headers */,
				18EBE9AB295DB9F4002BAE48 /* Sources */,
				18EBE9AC295DB9F4002BAE48 /* Frameworks */,
				18EBE9AD295DB9F4002BAE48 /* Resources */,
			);
			buildRules = (
			);
			dependencies = (
			);
			name = StorageService;
			productName = StorageService;
			productReference = 18EBE9AF295DB9F4002BAE48 /* StorageService.framework */;
			productType = "com.apple.product-type.framework";
		};
/* End PBXNativeTarget section */

/* Begin PBXProject section */
		184E4F392901837900E9DBDD /* Project object */ = {
			isa = PBXProject;
			attributes = {
				BuildIndependentTargetsInParallel = 1;
				LastSwiftUpdateCheck = 1400;
				LastUpgradeCheck = 1400;
				TargetAttributes = {
					184E4F402901837900E9DBDD = {
						CreatedOnToolsVersion = 14.0.1;
					};
					18EBE9AE295DB9F4002BAE48 = {
						CreatedOnToolsVersion = 14.2;
					};
				};
			};
			buildConfigurationList = 184E4F3C2901837900E9DBDD /* Build configuration list for PBXProject "Navigation" */;
			compatibilityVersion = "Xcode 14.0";
			developmentRegion = en;
			hasScannedForEncodings = 0;
			knownRegions = (
				en,
				Base,
			);
			mainGroup = 184E4F382901837900E9DBDD;
			productRefGroup = 184E4F422901837900E9DBDD /* Products */;
			projectDirPath = "";
			projectRoot = "";
			targets = (
				184E4F402901837900E9DBDD /* Navigation */,
				18EBE9AE295DB9F4002BAE48 /* StorageService */,
			);
		};
/* End PBXProject section */

/* Begin PBXResourcesBuildPhase section */
		184E4F3F2901837900E9DBDD /* Resources */ = {
			isa = PBXResourcesBuildPhase;
			buildActionMask = 2147483647;
			files = (
				184E4F512901837A00E9DBDD /* LaunchScreen.storyboard in Resources */,
				184E4F4E2901837A00E9DBDD /* Assets.xcassets in Resources */,
			);
			runOnlyForDeploymentPostprocessing = 0;
		};
		18EBE9AD295DB9F4002BAE48 /* Resources */ = {
			isa = PBXResourcesBuildPhase;
			buildActionMask = 2147483647;
			files = (
			);
			runOnlyForDeploymentPostprocessing = 0;
		};
/* End PBXResourcesBuildPhase section */

/* Begin PBXShellScriptBuildPhase section */
		157666081E216590BCAC70F5 /* [CP] Check Pods Manifest.lock */ = {
			isa = PBXShellScriptBuildPhase;
			buildActionMask = 2147483647;
			files = (
			);
			inputFileListPaths = (
			);
			inputPaths = (
				"${PODS_PODFILE_DIR_PATH}/Podfile.lock",
				"${PODS_ROOT}/Manifest.lock",
			);
			name = "[CP] Check Pods Manifest.lock";
			outputFileListPaths = (
			);
			outputPaths = (
				"$(DERIVED_FILE_DIR)/Pods-Navigation-checkManifestLockResult.txt",
			);
			runOnlyForDeploymentPostprocessing = 0;
			shellPath = /bin/sh;
			shellScript = "diff \"${PODS_PODFILE_DIR_PATH}/Podfile.lock\" \"${PODS_ROOT}/Manifest.lock\" > /dev/null\nif [ $? != 0 ] ; then\n    # print error to STDERR\n    echo \"error: The sandbox is not in sync with the Podfile.lock. Run 'pod install' or update your CocoaPods installation.\" >&2\n    exit 1\nfi\n# This output is used by Xcode 'outputs' to avoid re-running this script phase.\necho \"SUCCESS\" > \"${SCRIPT_OUTPUT_FILE_0}\"\n";
			showEnvVarsInLog = 0;
		};
		63B995E1118AFC3BD316B7CB /* [CP] Check Pods Manifest.lock */ = {
			isa = PBXShellScriptBuildPhase;
			buildActionMask = 2147483647;
			files = (
			);
			inputFileListPaths = (
			);
			inputPaths = (
				"${PODS_PODFILE_DIR_PATH}/Podfile.lock",
				"${PODS_ROOT}/Manifest.lock",
			);
			name = "[CP] Check Pods Manifest.lock";
			outputFileListPaths = (
			);
			outputPaths = (
				"$(DERIVED_FILE_DIR)/Pods-StorageService-checkManifestLockResult.txt",
			);
			runOnlyForDeploymentPostprocessing = 0;
			shellPath = /bin/sh;
			shellScript = "diff \"${PODS_PODFILE_DIR_PATH}/Podfile.lock\" \"${PODS_ROOT}/Manifest.lock\" > /dev/null\nif [ $? != 0 ] ; then\n    # print error to STDERR\n    echo \"error: The sandbox is not in sync with the Podfile.lock. Run 'pod install' or update your CocoaPods installation.\" >&2\n    exit 1\nfi\n# This output is used by Xcode 'outputs' to avoid re-running this script phase.\necho \"SUCCESS\" > \"${SCRIPT_OUTPUT_FILE_0}\"\n";
			showEnvVarsInLog = 0;
		};
		D30682A19FF106FA82573786 /* [CP] Embed Pods Frameworks */ = {
			isa = PBXShellScriptBuildPhase;
			buildActionMask = 2147483647;
			files = (
			);
			inputFileListPaths = (
				"${PODS_ROOT}/Target Support Files/Pods-Navigation/Pods-Navigation-frameworks-${CONFIGURATION}-input-files.xcfilelist",
			);
			name = "[CP] Embed Pods Frameworks";
			outputFileListPaths = (
				"${PODS_ROOT}/Target Support Files/Pods-Navigation/Pods-Navigation-frameworks-${CONFIGURATION}-output-files.xcfilelist",
			);
			runOnlyForDeploymentPostprocessing = 0;
			shellPath = /bin/sh;
			shellScript = "\"${PODS_ROOT}/Target Support Files/Pods-Navigation/Pods-Navigation-frameworks.sh\"\n";
			showEnvVarsInLog = 0;
		};
/* End PBXShellScriptBuildPhase section */

/* Begin PBXSourcesBuildPhase section */
		184E4F3D2901837900E9DBDD /* Sources */ = {
			isa = PBXSourcesBuildPhase;
			buildActionMask = 2147483647;
			files = (
				184F984B29226F2200BC02E1 /* PhotosTableViewCell.swift in Sources */,
				184F984D29226FDE00BC02E1 /* PhotosViewController.swift in Sources */,
				18B4D07A2901B6F20065CE49 /* TabBarController.swift in Sources */,
				188D696B29126BCF00F805FC /* Constants.swift in Sources */,
				18B4D07E2901CDD50065CE49 /* FeedViewController.swift in Sources */,
				18B4D0842901D78D0065CE49 /* PostViewController.swift in Sources */,
				18B4D0802901CDEA0065CE49 /* ProfileViewController.swift in Sources */,
				187E7FA5290C06FB00D38452 /* ProfileTableHeaderView.swift in Sources */,
				1834720C291EACAD00226D02 /* PostTableViewCell.swift in Sources */,
				184E4F452901837900E9DBDD /* AppDelegate.swift in Sources */,
				18B2BEB1291A889900F26211 /* LogInViewController.swift in Sources */,
				18346E0B290D67D6009F8DAC /* TextFieldWithPadding.swift in Sources */,
				1854B4782902B4CC00C05A87 /* InfoViewController.swift in Sources */,
				184F984F2922A15A00BC02E1 /* PhotosCollectionViewCell.swift in Sources */,
				184E4F472901837900E9DBDD /* SceneDelegate.swift in Sources */,
				18113B33291E5FB700EF785A /* LoginButton.swift in Sources */,
			);
			runOnlyForDeploymentPostprocessing = 0;
		};
		18EBE9AB295DB9F4002BAE48 /* Sources */ = {
			isa = PBXSourcesBuildPhase;
			buildActionMask = 2147483647;
			files = (
				18EBE9BB295DBAD3002BAE48 /* Post.swift in Sources */,
			);
			runOnlyForDeploymentPostprocessing = 0;
		};
/* End PBXSourcesBuildPhase section */

/* Begin PBXTargetDependency section */
		18EBE9B4295DB9F4002BAE48 /* PBXTargetDependency */ = {
			isa = PBXTargetDependency;
			target = 18EBE9AE295DB9F4002BAE48 /* StorageService */;
			targetProxy = 18EBE9B3295DB9F4002BAE48 /* PBXContainerItemProxy */;
		};
/* End PBXTargetDependency section */

/* Begin PBXVariantGroup section */
		184E4F4F2901837A00E9DBDD /* LaunchScreen.storyboard */ = {
			isa = PBXVariantGroup;
			children = (
				184E4F502901837A00E9DBDD /* Base */,
			);
			name = LaunchScreen.storyboard;
			sourceTree = "<group>";
		};
/* End PBXVariantGroup section */

/* Begin XCBuildConfiguration section */
		184E4F532901837A00E9DBDD /* Debug */ = {
			isa = XCBuildConfiguration;
			buildSettings = {
				ALWAYS_SEARCH_USER_PATHS = NO;
				CLANG_ANALYZER_NONNULL = YES;
				CLANG_ANALYZER_NUMBER_OBJECT_CONVERSION = YES_AGGRESSIVE;
				CLANG_CXX_LANGUAGE_STANDARD = "gnu++20";
				CLANG_ENABLE_MODULES = YES;
				CLANG_ENABLE_OBJC_ARC = YES;
				CLANG_ENABLE_OBJC_WEAK = YES;
				CLANG_WARN_BLOCK_CAPTURE_AUTORELEASING = YES;
				CLANG_WARN_BOOL_CONVERSION = YES;
				CLANG_WARN_COMMA = YES;
				CLANG_WARN_CONSTANT_CONVERSION = YES;
				CLANG_WARN_DEPRECATED_OBJC_IMPLEMENTATIONS = YES;
				CLANG_WARN_DIRECT_OBJC_ISA_USAGE = YES_ERROR;
				CLANG_WARN_DOCUMENTATION_COMMENTS = YES;
				CLANG_WARN_EMPTY_BODY = YES;
				CLANG_WARN_ENUM_CONVERSION = YES;
				CLANG_WARN_INFINITE_RECURSION = YES;
				CLANG_WARN_INT_CONVERSION = YES;
				CLANG_WARN_NON_LITERAL_NULL_CONVERSION = YES;
				CLANG_WARN_OBJC_IMPLICIT_RETAIN_SELF = YES;
				CLANG_WARN_OBJC_LITERAL_CONVERSION = YES;
				CLANG_WARN_OBJC_ROOT_CLASS = YES_ERROR;
				CLANG_WARN_QUOTED_INCLUDE_IN_FRAMEWORK_HEADER = YES;
				CLANG_WARN_RANGE_LOOP_ANALYSIS = YES;
				CLANG_WARN_STRICT_PROTOTYPES = YES;
				CLANG_WARN_SUSPICIOUS_MOVE = YES;
				CLANG_WARN_UNGUARDED_AVAILABILITY = YES_AGGRESSIVE;
				CLANG_WARN_UNREACHABLE_CODE = YES;
				CLANG_WARN__DUPLICATE_METHOD_MATCH = YES;
				COPY_PHASE_STRIP = NO;
				DEBUG_INFORMATION_FORMAT = dwarf;
				ENABLE_STRICT_OBJC_MSGSEND = YES;
				ENABLE_TESTABILITY = YES;
				GCC_C_LANGUAGE_STANDARD = gnu11;
				GCC_DYNAMIC_NO_PIC = NO;
				GCC_NO_COMMON_BLOCKS = YES;
				GCC_OPTIMIZATION_LEVEL = 0;
				GCC_PREPROCESSOR_DEFINITIONS = (
					"DEBUG=1",
					"$(inherited)",
				);
				GCC_WARN_64_TO_32_BIT_CONVERSION = YES;
				GCC_WARN_ABOUT_RETURN_TYPE = YES_ERROR;
				GCC_WARN_UNDECLARED_SELECTOR = YES;
				GCC_WARN_UNINITIALIZED_AUTOS = YES_AGGRESSIVE;
				GCC_WARN_UNUSED_FUNCTION = YES;
				GCC_WARN_UNUSED_VARIABLE = YES;
				IPHONEOS_DEPLOYMENT_TARGET = 16.0;
				MTL_ENABLE_DEBUG_INFO = INCLUDE_SOURCE;
				MTL_FAST_MATH = YES;
				ONLY_ACTIVE_ARCH = YES;
				SDKROOT = iphoneos;
				SWIFT_ACTIVE_COMPILATION_CONDITIONS = DEBUG;
				SWIFT_OPTIMIZATION_LEVEL = "-Onone";
			};
			name = Debug;
		};
		184E4F542901837A00E9DBDD /* Release */ = {
			isa = XCBuildConfiguration;
			buildSettings = {
				ALWAYS_SEARCH_USER_PATHS = NO;
				CLANG_ANALYZER_NONNULL = YES;
				CLANG_ANALYZER_NUMBER_OBJECT_CONVERSION = YES_AGGRESSIVE;
				CLANG_CXX_LANGUAGE_STANDARD = "gnu++20";
				CLANG_ENABLE_MODULES = YES;
				CLANG_ENABLE_OBJC_ARC = YES;
				CLANG_ENABLE_OBJC_WEAK = YES;
				CLANG_WARN_BLOCK_CAPTURE_AUTORELEASING = YES;
				CLANG_WARN_BOOL_CONVERSION = YES;
				CLANG_WARN_COMMA = YES;
				CLANG_WARN_CONSTANT_CONVERSION = YES;
				CLANG_WARN_DEPRECATED_OBJC_IMPLEMENTATIONS = YES;
				CLANG_WARN_DIRECT_OBJC_ISA_USAGE = YES_ERROR;
				CLANG_WARN_DOCUMENTATION_COMMENTS = YES;
				CLANG_WARN_EMPTY_BODY = YES;
				CLANG_WARN_ENUM_CONVERSION = YES;
				CLANG_WARN_INFINITE_RECURSION = YES;
				CLANG_WARN_INT_CONVERSION = YES;
				CLANG_WARN_NON_LITERAL_NULL_CONVERSION = YES;
				CLANG_WARN_OBJC_IMPLICIT_RETAIN_SELF = YES;
				CLANG_WARN_OBJC_LITERAL_CONVERSION = YES;
				CLANG_WARN_OBJC_ROOT_CLASS = YES_ERROR;
				CLANG_WARN_QUOTED_INCLUDE_IN_FRAMEWORK_HEADER = YES;
				CLANG_WARN_RANGE_LOOP_ANALYSIS = YES;
				CLANG_WARN_STRICT_PROTOTYPES = YES;
				CLANG_WARN_SUSPICIOUS_MOVE = YES;
				CLANG_WARN_UNGUARDED_AVAILABILITY = YES_AGGRESSIVE;
				CLANG_WARN_UNREACHABLE_CODE = YES;
				CLANG_WARN__DUPLICATE_METHOD_MATCH = YES;
				COPY_PHASE_STRIP = NO;
				DEBUG_INFORMATION_FORMAT = "dwarf-with-dsym";
				ENABLE_NS_ASSERTIONS = NO;
				ENABLE_STRICT_OBJC_MSGSEND = YES;
				GCC_C_LANGUAGE_STANDARD = gnu11;
				GCC_NO_COMMON_BLOCKS = YES;
				GCC_WARN_64_TO_32_BIT_CONVERSION = YES;
				GCC_WARN_ABOUT_RETURN_TYPE = YES_ERROR;
				GCC_WARN_UNDECLARED_SELECTOR = YES;
				GCC_WARN_UNINITIALIZED_AUTOS = YES_AGGRESSIVE;
				GCC_WARN_UNUSED_FUNCTION = YES;
				GCC_WARN_UNUSED_VARIABLE = YES;
				IPHONEOS_DEPLOYMENT_TARGET = 16.0;
				MTL_ENABLE_DEBUG_INFO = NO;
				MTL_FAST_MATH = YES;
				SDKROOT = iphoneos;
				SWIFT_COMPILATION_MODE = wholemodule;
				SWIFT_OPTIMIZATION_LEVEL = "-O";
				VALIDATE_PRODUCT = YES;
			};
			name = Release;
		};
		184E4F562901837A00E9DBDD /* Debug */ = {
			isa = XCBuildConfiguration;
			baseConfigurationReference = E8A431D91DB684EC7589B42C /* Pods-Navigation.debug.xcconfig */;
			buildSettings = {
				ASSETCATALOG_COMPILER_APPICON_NAME = AppIcon;
				ASSETCATALOG_COMPILER_GLOBAL_ACCENT_COLOR_NAME = AccentColor;
				CODE_SIGN_STYLE = Automatic;
				CURRENT_PROJECT_VERSION = 1;
				DEVELOPMENT_TEAM = 4V4XBFRF5Z;
				GENERATE_INFOPLIST_FILE = YES;
				INFOPLIST_FILE = Navigation/Info.plist;
				INFOPLIST_KEY_UIApplicationSupportsIndirectInputEvents = YES;
				INFOPLIST_KEY_UILaunchStoryboardName = LaunchScreen;
				INFOPLIST_KEY_UISupportedInterfaceOrientations_iPad = "UIInterfaceOrientationPortrait UIInterfaceOrientationPortraitUpsideDown UIInterfaceOrientationLandscapeLeft UIInterfaceOrientationLandscapeRight";
				INFOPLIST_KEY_UISupportedInterfaceOrientations_iPhone = "UIInterfaceOrientationPortrait UIInterfaceOrientationLandscapeLeft UIInterfaceOrientationLandscapeRight";
				IPHONEOS_DEPLOYMENT_TARGET = 15.0;
				LD_RUNPATH_SEARCH_PATHS = (
					"$(inherited)",
					"@executable_path/Frameworks",
				);
				MARKETING_VERSION = 1.0;
				PRODUCT_BUNDLE_IDENTIFIER = PG.Navigation;
				PRODUCT_NAME = "$(TARGET_NAME)";
				SUPPORTED_PLATFORMS = "iphoneos iphonesimulator";
				SUPPORTS_MACCATALYST = NO;
				SUPPORTS_MAC_DESIGNED_FOR_IPHONE_IPAD = NO;
				SWIFT_EMIT_LOC_STRINGS = YES;
				SWIFT_VERSION = 5.0;
				TARGETED_DEVICE_FAMILY = "1,2";
			};
			name = Debug;
		};
		184E4F572901837A00E9DBDD /* Release */ = {
			isa = XCBuildConfiguration;
			baseConfigurationReference = 9940C5ECD65822F780908020 /* Pods-Navigation.release.xcconfig */;
			buildSettings = {
				ASSETCATALOG_COMPILER_APPICON_NAME = AppIcon;
				ASSETCATALOG_COMPILER_GLOBAL_ACCENT_COLOR_NAME = AccentColor;
				CODE_SIGN_STYLE = Automatic;
				CURRENT_PROJECT_VERSION = 1;
				DEVELOPMENT_TEAM = 4V4XBFRF5Z;
				GENERATE_INFOPLIST_FILE = YES;
				INFOPLIST_FILE = Navigation/Info.plist;
				INFOPLIST_KEY_UIApplicationSupportsIndirectInputEvents = YES;
				INFOPLIST_KEY_UILaunchStoryboardName = LaunchScreen;
				INFOPLIST_KEY_UISupportedInterfaceOrientations_iPad = "UIInterfaceOrientationPortrait UIInterfaceOrientationPortraitUpsideDown UIInterfaceOrientationLandscapeLeft UIInterfaceOrientationLandscapeRight";
				INFOPLIST_KEY_UISupportedInterfaceOrientations_iPhone = "UIInterfaceOrientationPortrait UIInterfaceOrientationLandscapeLeft UIInterfaceOrientationLandscapeRight";
				IPHONEOS_DEPLOYMENT_TARGET = 15.0;
				LD_RUNPATH_SEARCH_PATHS = (
					"$(inherited)",
					"@executable_path/Frameworks",
				);
				MARKETING_VERSION = 1.0;
				PRODUCT_BUNDLE_IDENTIFIER = PG.Navigation;
				PRODUCT_NAME = "$(TARGET_NAME)";
				SUPPORTED_PLATFORMS = "iphoneos iphonesimulator";
				SUPPORTS_MACCATALYST = NO;
				SUPPORTS_MAC_DESIGNED_FOR_IPHONE_IPAD = NO;
				SWIFT_EMIT_LOC_STRINGS = YES;
				SWIFT_VERSION = 5.0;
				TARGETED_DEVICE_FAMILY = "1,2";
			};
			name = Release;
		};
		18EBE9B8295DB9F4002BAE48 /* Debug */ = {
			isa = XCBuildConfiguration;
			baseConfigurationReference = 5FE37B229537D538B3041056 /* Pods-StorageService.debug.xcconfig */;
			buildSettings = {
				CODE_SIGN_STYLE = Automatic;
				CURRENT_PROJECT_VERSION = 1;
				DEFINES_MODULE = YES;
				DEVELOPMENT_TEAM = 4V4XBFRF5Z;
				DYLIB_COMPATIBILITY_VERSION = 1;
				DYLIB_CURRENT_VERSION = 1;
				DYLIB_INSTALL_NAME_BASE = "@rpath";
				GENERATE_INFOPLIST_FILE = YES;
				INFOPLIST_KEY_NSHumanReadableCopyright = "";
				INSTALL_PATH = "$(LOCAL_LIBRARY_DIR)/Frameworks";
				IPHONEOS_DEPLOYMENT_TARGET = 15.0;
				LD_RUNPATH_SEARCH_PATHS = (
					"$(inherited)",
					"@executable_path/Frameworks",
					"@loader_path/Frameworks",
				);
				MARKETING_VERSION = 1.0;
				PRODUCT_BUNDLE_IDENTIFIER = PG.StorageService;
				PRODUCT_NAME = "$(TARGET_NAME:c99extidentifier)";
				SKIP_INSTALL = YES;
				SUPPORTED_PLATFORMS = "iphoneos iphonesimulator";
				SUPPORTS_MACCATALYST = NO;
				SUPPORTS_MAC_DESIGNED_FOR_IPHONE_IPAD = NO;
				SWIFT_EMIT_LOC_STRINGS = YES;
				SWIFT_VERSION = 5.0;
				TARGETED_DEVICE_FAMILY = "1,2";
				VERSIONING_SYSTEM = "apple-generic";
				VERSION_INFO_PREFIX = "";
			};
			name = Debug;
		};
		18EBE9B9295DB9F4002BAE48 /* Release */ = {
			isa = XCBuildConfiguration;
			baseConfigurationReference = 0FADA81792ACA815DDDDD8FC /* Pods-StorageService.release.xcconfig */;
			buildSettings = {
				CODE_SIGN_STYLE = Automatic;
				CURRENT_PROJECT_VERSION = 1;
				DEFINES_MODULE = YES;
				DEVELOPMENT_TEAM = 4V4XBFRF5Z;
				DYLIB_COMPATIBILITY_VERSION = 1;
				DYLIB_CURRENT_VERSION = 1;
				DYLIB_INSTALL_NAME_BASE = "@rpath";
				GENERATE_INFOPLIST_FILE = YES;
				INFOPLIST_KEY_NSHumanReadableCopyright = "";
				INSTALL_PATH = "$(LOCAL_LIBRARY_DIR)/Frameworks";
				IPHONEOS_DEPLOYMENT_TARGET = 15.0;
				LD_RUNPATH_SEARCH_PATHS = (
					"$(inherited)",
					"@executable_path/Frameworks",
					"@loader_path/Frameworks",
				);
				MARKETING_VERSION = 1.0;
				PRODUCT_BUNDLE_IDENTIFIER = PG.StorageService;
				PRODUCT_NAME = "$(TARGET_NAME:c99extidentifier)";
				SKIP_INSTALL = YES;
				SUPPORTED_PLATFORMS = "iphoneos iphonesimulator";
				SUPPORTS_MACCATALYST = NO;
				SUPPORTS_MAC_DESIGNED_FOR_IPHONE_IPAD = NO;
				SWIFT_EMIT_LOC_STRINGS = YES;
				SWIFT_VERSION = 5.0;
				TARGETED_DEVICE_FAMILY = "1,2";
				VERSIONING_SYSTEM = "apple-generic";
				VERSION_INFO_PREFIX = "";
			};
			name = Release;
		};
/* End XCBuildConfiguration section */

/* Begin XCConfigurationList section */
		184E4F3C2901837900E9DBDD /* Build configuration list for PBXProject "Navigation" */ = {
			isa = XCConfigurationList;
			buildConfigurations = (
				184E4F532901837A00E9DBDD /* Debug */,
				184E4F542901837A00E9DBDD /* Release */,
			);
			defaultConfigurationIsVisible = 0;
			defaultConfigurationName = Release;
		};
		184E4F552901837A00E9DBDD /* Build configuration list for PBXNativeTarget "Navigation" */ = {
			isa = XCConfigurationList;
			buildConfigurations = (
				184E4F562901837A00E9DBDD /* Debug */,
				184E4F572901837A00E9DBDD /* Release */,
			);
			defaultConfigurationIsVisible = 0;
			defaultConfigurationName = Release;
		};
		18EBE9BA295DB9F4002BAE48 /* Build configuration list for PBXNativeTarget "StorageService" */ = {
			isa = XCConfigurationList;
			buildConfigurations = (
				18EBE9B8295DB9F4002BAE48 /* Debug */,
				18EBE9B9295DB9F4002BAE48 /* Release */,
			);
			defaultConfigurationIsVisible = 0;
			defaultConfigurationName = Release;
		};
/* End XCConfigurationList section */
	};
	rootObject = 184E4F392901837900E9DBDD /* Project object */;
}
